
Microsoft Visual Studio Solution File, Format Version 12.00
# Visual Studio Version 16
VisualStudioVersion = 16.0.31129.286
MinimumVisualStudioVersion = 10.0.40219.1
Project("{FAE04EC0-301F-11D3-BF4B-00C04F79EFBC}") = "MJPTask01", "MJPTask01\MJPTask01.csproj", "{24ACA609-9EA1-42A9-BEA3-23807F2AAADA}"
EndProject
Global
	GlobalSection(SolutionConfigurationPlatforms) = preSolution
		Debug|Any CPU = Debug|Any CPU
		Release|Any CPU = Release|Any CPU
	EndGlobalSection
	GlobalSection(ProjectConfigurationPlatforms) = postSolution
		{24ACA609-9EA1-42A9-BEA3-23807F2AAADA}.Debug|Any CPU.ActiveCfg = Debug|Any CPU
		{24ACA609-9EA1-42A9-BEA3-23807F2AAADA}.Debug|Any CPU.Build.0 = Debug|Any CPU
		{24ACA609-9EA1-42A9-BEA3-23807F2AAADA}.Release|Any CPU.ActiveCfg = Release|Any CPU
		{24ACA609-9EA1-42A9-BEA3-23807F2AAADA}.Release|Any CPU.Build.0 = Release|Any CPU
	EndGlobalSection
	GlobalSection(SolutionProperties) = preSolution
		HideSolutionNode = FALSE
	EndGlobalSection
	GlobalSection(ExtensibilityGlobals) = postSolution
		SolutionGuid = {D0EFCDEB-1E3C-4565-BD91-2481912C127C}
	EndGlobalSection
EndGlobal
